
Microsoft Visual Studio Solution File, Format Version 12.00
# Visual Studio Version 17
VisualStudioVersion = 17.9.34714.143
MinimumVisualStudioVersion = 10.0.40219.1
Project("{8BC9CEB8-8B4A-11D0-8D11-00A0C91BC942}") = "ExmapleBilet", "ExmapleBilet\ExmapleBilet.vcxproj", "{AB48BBDC-5631-474F-AB98-A67E4112BA37}"
EndProject
Global
	GlobalSection(SolutionConfigurationPlatforms) = preSolution
		Debug|x64 = Debug|x64
		Debug|x86 = Debug|x86
		Release|x64 = Release|x64
		Release|x86 = Release|x86
	EndGlobalSection
	GlobalSection(ProjectConfigurationPlatforms) = postSolution
		{AB48BBDC-5631-474F-AB98-A67E4112BA37}.Debug|x64.ActiveCfg = Debug|x64
		{AB48BBDC-5631-474F-AB98-A67E4112BA37}.Debug|x64.Build.0 = Debug|x64
		{AB48BBDC-5631-474F-AB98-A67E4112BA37}.Debug|x86.ActiveCfg = Debug|Win32
		{AB48BBDC-5631-474F-AB98-A67E4112BA37}.Debug|x86.Build.0 = Debug|Win32
		{AB48BBDC-5631-474F-AB98-A67E4112BA37}.Release|x64.ActiveCfg = Release|x64
		{AB48BBDC-5631-474F-AB98-A67E4112BA37}.Release|x64.Build.0 = Release|x64
		{AB48BBDC-5631-474F-AB98-A67E4112BA37}.Release|x86.ActiveCfg = Release|Win32
		{AB48BBDC-5631-474F-AB98-A67E4112BA37}.Release|x86.Build.0 = Release|Win32
	EndGlobalSection
	GlobalSection(SolutionProperties) = preSolution
		HideSolutionNode = FALSE
	EndGlobalSection
	GlobalSection(ExtensibilityGlobals) = postSolution
		SolutionGuid = {10D24DDD-BC0A-4FFA-B4C3-1791B0B8D5CA}
	EndGlobalSection
EndGlobal
